Microsoft Visual Studio Solution File, Format Version 11.00
# Visual Studio 2008

Project("{6A3AC2C8-E6B7-E029-098B-34C39168608A}") = "Avoid 'em", "Assembly-CSharp-firstpass.csproj", "{B6FF08D8-9FE0-973B-8717-826EBB4F118D}"
EndProject
Project("{6A3AC2C8-E6B7-E029-098B-34C39168608A}") = "Avoid 'em", "Assembly-CSharp.csproj", "{3835C3D9-A402-F310-D276-DC90DB9A4180}"
EndProject
Project("{6A3AC2C8-E6B7-E029-098B-34C39168608A}") = "Avoid 'em", "Assembly-CSharp-Editor.csproj", "{6CAE0A8D-CFCF-C6ED-4C97-538FD5CD5131}"
EndProject
Global
	GlobalSection(SolutionConfigurationPlatforms) = preSolution
		Debug|Any CPU = Debug|Any CPU
		Release|Any CPU = Release|Any CPU
	EndGlobalSection
	GlobalSection(ProjectConfigurationPlatforms) = postSolution
		{B6FF08D8-9FE0-973B-8717-826EBB4F118D}.Debug|Any CPU.ActiveCfg = Debug|Any CPU
		{B6FF08D8-9FE0-973B-8717-826EBB4F118D}.Debug|Any CPU.Build.0 = Debug|Any CPU
		{B6FF08D8-9FE0-973B-8717-826EBB4F118D}.Release|Any CPU.ActiveCfg = Release|Any CPU
		{B6FF08D8-9FE0-973B-8717-826EBB4F118D}.Release|Any CPU.Build.0 = Release|Any CPU
		{3835C3D9-A402-F310-D276-DC90DB9A4180}.Debug|Any CPU.ActiveCfg = Debug|Any CPU
		{3835C3D9-A402-F310-D276-DC90DB9A4180}.Debug|Any CPU.Build.0 = Debug|Any CPU
		{3835C3D9-A402-F310-D276-DC90DB9A4180}.Release|Any CPU.ActiveCfg = Release|Any CPU
		{3835C3D9-A402-F310-D276-DC90DB9A4180}.Release|Any CPU.Build.0 = Release|Any CPU
		{6CAE0A8D-CFCF-C6ED-4C97-538FD5CD5131}.Debug|Any CPU.ActiveCfg = Debug|Any CPU
		{6CAE0A8D-CFCF-C6ED-4C97-538FD5CD5131}.Debug|Any CPU.Build.0 = Debug|Any CPU
		{6CAE0A8D-CFCF-C6ED-4C97-538FD5CD5131}.Release|Any CPU.ActiveCfg = Release|Any CPU
		{6CAE0A8D-CFCF-C6ED-4C97-538FD5CD5131}.Release|Any CPU.Build.0 = Release|Any CPU
	EndGlobalSection
	GlobalSection(SolutionProperties) = preSolution
		HideSolutionNode = FALSE
	EndGlobalSection
																																																																											GlobalSection(MonoDevelopProperties) = preSolution
		StartupItem = Assembly-CSharp.csproj
		Policies = $0
		$0.TextStylePolicy = $1
		$1.inheritsSet = null
		$1.scope = text/x-csharp
		$0.CSharpFormattingPolicy = $2
		$2.inheritsSet = Mono
		$2.inheritsScope = text/x-csharp
		$2.scope = text/x-csharp
		$0.TextStylePolicy = $3
		$3.FileWidth = 120
		$3.TabWidth = 4
		$3.IndentWidth = 4
		$3.EolMarker = Unix
		$3.inheritsSet = Mono
		$3.inheritsScope = text/plain
		$3.scope = text/plain
	EndGlobalSection

EndGlobal
